
Microsoft Visual Studio Solution File, Format Version 12.00
# Visual Studio Version 16
VisualStudioVersion = 16.0.29009.5
MinimumVisualStudioVersion = 10.0.40219.1
Project("{FAE04EC0-301F-11D3-BF4B-00C04F79EFBC}") = "Generator", "Generator\Generator.csproj", "{528C42F6-3314-4048-A07F-686B7AF432BE}"
EndProject
Global
	GlobalSection(SolutionConfigurationPlatforms) = preSolution
		Debug|Any CPU = Debug|Any CPU
		Release|Any CPU = Release|Any CPU
	EndGlobalSection
	GlobalSection(ProjectConfigurationPlatforms) = postSolution
		{528C42F6-3314-4048-A07F-686B7AF432BE}.Debug|Any CPU.ActiveCfg = Debug|Any CPU
		{528C42F6-3314-4048-A07F-686B7AF432BE}.Debug|Any CPU.Build.0 = Debug|Any CPU
		{528C42F6-3314-4048-A07F-686B7AF432BE}.Release|Any CPU.ActiveCfg = Release|Any CPU
		{528C42F6-3314-4048-A07F-686B7AF432BE}.Release|Any CPU.Build.0 = Release|Any CPU
	EndGlobalSection
	GlobalSection(SolutionProperties) = preSolution
		HideSolutionNode = FALSE
	EndGlobalSection
	GlobalSection(ExtensibilityGlobals) = postSolution
		SolutionGuid = {E1F1AA5F-3745-4584-A7EE-5D661D2EAD10}
	EndGlobalSection
EndGlobal
